
Microsoft Visual Studio Solution File, Format Version 12.00
# Visual Studio 15
VisualStudioVersion = 15.0.27004.2009
MinimumVisualStudioVersion = 10.0.40219.1
Project("{FAE04EC0-301F-11D3-BF4B-00C04F79EFBC}") = "ExplainableCancerClassifier", "ExplainableCancerClassifier\ExplainableCancerClassifier.csproj", "{69E933D8-DB90-4F40-A581-45ECFBE4B54E}"
EndProject
Global
	GlobalSection(SolutionConfigurationPlatforms) = preSolution
		Debug|Any CPU = Debug|Any CPU
		Release|Any CPU = Release|Any CPU
	EndGlobalSection
	GlobalSection(ProjectConfigurationPlatforms) = postSolution
		{69E933D8-DB90-4F40-A581-45ECFBE4B54E}.Debug|Any CPU.ActiveCfg = Debug|Any CPU
		{69E933D8-DB90-4F40-A581-45ECFBE4B54E}.Debug|Any CPU.Build.0 = Debug|Any CPU
		{69E933D8-DB90-4F40-A581-45ECFBE4B54E}.Release|Any CPU.ActiveCfg = Release|Any CPU
		{69E933D8-DB90-4F40-A581-45ECFBE4B54E}.Release|Any CPU.Build.0 = Release|Any CPU
	EndGlobalSection
	GlobalSection(SolutionProperties) = preSolution
		HideSolutionNode = FALSE
	EndGlobalSection
	GlobalSection(ExtensibilityGlobals) = postSolution
		SolutionGuid = {ACCD8B6D-35CB-4664-96D5-435095E4C074}
	EndGlobalSection
EndGlobal
